
Microsoft Visual Studio Solution File, Format Version 12.00
# Visual Studio Version 16
VisualStudioVersion = 16.0.32002.261
MinimumVisualStudioVersion = 10.0.40219.1
Project("{8BC9CEB8-8B4A-11D0-8D11-00A0C91BC942}") = "RJView", "RJView\RJView.vcxproj", "{DD35242A-6A74-4365-8E05-6CD104BF10A1}"
EndProject
Global
	GlobalSection(SolutionConfigurationPlatforms) = preSolution
		Debug|x64 = Debug|x64
		Debug|x86 = Debug|x86
		Release|x64 = Release|x64
		Release|x86 = Release|x86
	EndGlobalSection
	GlobalSection(ProjectConfigurationPlatforms) = postSolution
		{DD35242A-6A74-4365-8E05-6CD104BF10A1}.Debug|x64.ActiveCfg = Debug|x64
		{DD35242A-6A74-4365-8E05-6CD104BF10A1}.Debug|x64.Build.0 = Debug|x64
		{DD35242A-6A74-4365-8E05-6CD104BF10A1}.Debug|x86.ActiveCfg = Debug|Win32
		{DD35242A-6A74-4365-8E05-6CD104BF10A1}.Debug|x86.Build.0 = Debug|Win32
		{DD35242A-6A74-4365-8E05-6CD104BF10A1}.Release|x64.ActiveCfg = Release|x64
		{DD35242A-6A74-4365-8E05-6CD104BF10A1}.Release|x64.Build.0 = Release|x64
		{DD35242A-6A74-4365-8E05-6CD104BF10A1}.Release|x86.ActiveCfg = Release|Win32
		{DD35242A-6A74-4365-8E05-6CD104BF10A1}.Release|x86.Build.0 = Release|Win32
	EndGlobalSection
	GlobalSection(SolutionProperties) = preSolution
		HideSolutionNode = FALSE
	EndGlobalSection
	GlobalSection(ExtensibilityGlobals) = postSolution
		SolutionGuid = {5DD2B937-37EE-40D8-937F-4791068A7157}
	EndGlobalSection
EndGlobal
